// !$*UTF8*$!
{
	archiveVersion = 1;
	classes = {
	};
	objectVersion = 48;
	objects = {

/* Begin PBXBuildFile section */
		1AF793C11FB3F97E006425BE /* AppDelegate.swift in Sources */ = {isa = PBXBuildFile; fileRef = 1AF793C01FB3F97E006425BE /* AppDelegate.swift */; };
		1AF793C31FB3F97E006425BE /* ViewController.swift in Sources */ = {isa = PBXBuildFile; fileRef = 1AF793C21FB3F97E006425BE /* ViewController.swift */; };
		1AF793C61FB3F97E006425BE /* Main.storyboard in Resources */ = {isa = PBXBuildFile; fileRef = 1AF793C41FB3F97E006425BE /* Main.storyboard */; };
		1AF793C81FB3F97E006425BE /* Assets.xcassets in Resources */ = {isa = PBXBuildFile; fileRef = 1AF793C71FB3F97E006425BE /* Assets.xcassets */; };
		1AF793CB1FB3F97E006425BE /* LaunchScreen.storyboard in Resources */ = {isa = PBXBuildFile; fileRef = 1AF793C91FB3F97E006425BE /* LaunchScreen.storyboard */; };
		1AF793D61FB3F97E006425BE /* JMSDropDownTests.swift in Sources */ = {isa = PBXBuildFile; fileRef = 1AF793D51FB3F97E006425BE /* JMSDropDownTests.swift */; };
		1AF793E11FB3F97E006425BE /* JMSDropDownUITests.swift in Sources */ = {isa = PBXBuildFile; fileRef = 1AF793E01FB3F97E006425BE /* JMSDropDownUITests.swift */; };
		1AF793F01FB3F9D8006425BE /* JMSDropDown.swift in Sources */ = {isa = PBXBuildFile; fileRef = 1AF793EF1FB3F9D8006425BE /* JMSDropDown.swift */; };
		1AF793F21FB3FFD5006425BE /* JMSDropDownCell.xib in Resources */ = {isa = PBXBuildFile; fileRef = 1AF793F11FB3FFD5006425BE /* JMSDropDownCell.xib */; };
		1AF793F41FB4000D006425BE /* JMSDropDownCell.swift in Sources */ = {isa = PBXBuildFile; fileRef = 1AF793F31FB4000D006425BE /* JMSDropDownCell.swift */; };
		1AF793F91FB42918006425BE /* JMSConstants.swift in Sources */ = {isa = PBXBuildFile; fileRef = 1AF793F81FB42918006425BE /* JMSConstants.swift */; };
		1AF793FB1FB42965006425BE /* JMSKeyboardListener.swift in Sources */ = {isa = PBXBuildFile; fileRef = 1AF793FA1FB42965006425BE /* JMSKeyboardListener.swift */; };
		1AF793FD1FB429C9006425BE /* JMSUIView+Extension.swift in Sources */ = {isa = PBXBuildFile; fileRef = 1AF793FC1FB429C9006425BE /* JMSUIView+Extension.swift */; };
		1AF793FF1FB43BBE006425BE /* JMSDropDown+Appearance.swift in Sources */ = {isa = PBXBuildFile; fileRef = 1AF793FE1FB43BBE006425BE /* JMSDropDown+Appearance.swift */; };
		1AF794021FB43C93006425BE /* MyCell.swift in Sources */ = {isa = PBXBuildFile; fileRef = 1AF794001FB43C93006425BE /* MyCell.swift */; };
		1AF794031FB43C93006425BE /* MyCell.xib in Resources */ = {isa = PBXBuildFile; fileRef = 1AF794011FB43C93006425BE /* MyCell.xib */; };
/* End PBXBuildFile section */

/* Begin PBXContainerItemProxy section */
		1AF793D21FB3F97E006425BE /* PBXContainerItemProxy */ = {
			isa = PBXContainerItemProxy;
			containerPortal = 1AF793B51FB3F97E006425BE /* Project object */;
			proxyType = 1;
			remoteGlobalIDString = 1AF793BC1FB3F97E006425BE;
			remoteInfo = JMSDropDown;
		};
		1AF793DD1FB3F97E006425BE /* PBXContainerItemProxy */ = {
			isa = PBXContainerItemProxy;
			containerPortal = 1AF793B51FB3F97E006425BE /* Project object */;
			proxyType = 1;
			remoteGlobalIDString = 1AF793BC1FB3F97E006425BE;
			remoteInfo = JMSDropDown;
		};
/* End PBXContainerItemProxy section */

/* Begin PBXFileReference section */
		1AF793BD1FB3F97E006425BE /* JMSDropDown.app */ = {isa = PBXFileReference; explicitFileType = wrapper.application; includeInIndex = 0; path = JMSDropDown.app; sourceTree = BUILT_PRODUCTS_DIR; };
		1AF793C01FB3F97E006425BE /* AppDelegate.swift */ = {isa = PBXFileReference; lastKnownFileType = sourcecode.swift; path = AppDelegate.swift; sourceTree = "<group>"; };
		1AF793C21FB3F97E006425BE /* ViewController.swift */ = {isa = PBXFileReference; lastKnownFileType = sourcecode.swift; path = ViewController.swift; sourceTree = "<group>"; };
		1AF793C51FB3F97E006425BE /* Base */ = {isa = PBXFileReference; lastKnownFileType = file.storyboard; name = Base; path = Base.lproj/Main.storyboard; sourceTree = "<group>"; };
		1AF793C71FB3F97E006425BE /* Assets.xcassets */ = {isa = PBXFileReference; lastKnownFileType = folder.assetcatalog; path = Assets.xcassets; sourceTree = "<group>"; };
		1AF793CA1FB3F97E006425BE /* Base */ = {isa = PBXFileReference; lastKnownFileType = file.storyboard; name = Base; path = Base.lproj/LaunchScreen.storyboard; sourceTree = "<group>"; };
		1AF793CC1FB3F97E006425BE /* Info.plist */ = {isa = PBXFileReference; lastKnownFileType = text.plist.xml; path = Info.plist; sourceTree = "<group>"; };
		1AF793D11FB3F97E006425BE /* JMSDropDownTests.xctest */ = {isa = PBXFileReference; explicitFileType = wrapper.cfbundle; includeInIndex = 0; path = JMSDropDownTests.xctest; sourceTree = BUILT_PRODUCTS_DIR; };
		1AF793D51FB3F97E006425BE /* JMSDropDownTests.swift */ = {isa = PBXFileReference; lastKnownFileType = sourcecode.swift; path = JMSDropDownTests.swift; sourceTree = "<group>"; };
		1AF793D71FB3F97E006425BE /* Info.plist */ = {isa = PBXFileReference; lastKnownFileType = text.plist.xml; path = Info.plist; sourceTree = "<group>"; };
		1AF793DC1FB3F97E006425BE /* JMSDropDownUITests.xctest */ = {isa = PBXFileReference; explicitFileType = wrapper.cfbundle; includeInIndex = 0; path = JMSDropDownUITests.xctest; sourceTree = BUILT_PRODUCTS_DIR; };
		1AF793E01FB3F97E006425BE /* JMSDropDownUITests.swift */ = {isa = PBXFileReference; lastKnownFileType = sourcecode.swift; path = JMSDropDownUITests.swift; sourceTree = "<group>"; };
		1AF793E21FB3F97E006425BE /* Info.plist */ = {isa = PBXFileReference; lastKnownFileType = text.plist.xml; path = Info.plist; sourceTree = "<group>"; };
		1AF793EF1FB3F9D8006425BE /* JMSDropDown.swift */ = {isa = PBXFileReference; lastKnownFileType = sourcecode.swift; path = JMSDropDown.swift; sourceTree = "<group>"; };
		1AF793F11FB3FFD5006425BE /* JMSDropDownCell.xib */ = {isa = PBXFileReference; fileEncoding = 4; lastKnownFileType = file.xib; path = JMSDropDownCell.xib; sourceTree = "<group>"; };
		1AF793F31FB4000D006425BE /* JMSDropDownCell.swift */ = {isa = PBXFileReference; fileEncoding = 4; lastKnownFileType = sourcecode.swift; path = JMSDropDownCell.swift; sourceTree = "<group>"; };
		1AF793F81FB42918006425BE /* JMSConstants.swift */ = {isa = PBXFileReference; lastKnownFileType = sourcecode.swift; path = JMSConstants.swift; sourceTree = "<group>"; };
		1AF793FA1FB42965006425BE /* JMSKeyboardListener.swift */ = {isa = PBXFileReference; lastKnownFileType = sourcecode.swift; path = JMSKeyboardListener.swift; sourceTree = "<group>"; };
		1AF793FC1FB429C9006425BE /* JMSUIView+Extension.swift */ = {isa = PBXFileReference; lastKnownFileType = sourcecode.swift; path = "JMSUIView+Extension.swift"; sourceTree = "<group>"; };
		1AF793FE1FB43BBE006425BE /* JMSDropDown+Appearance.swift */ = {isa = PBXFileReference; lastKnownFileType = sourcecode.swift; path = "JMSDropDown+Appearance.swift"; sourceTree = "<group>"; };
		1AF794001FB43C93006425BE /* MyCell.swift */ = {isa = PBXFileReference; fileEncoding = 4; lastKnownFileType = sourcecode.swift; path = MyCell.swift; sourceTree = "<group>"; };
		1AF794011FB43C93006425BE /* MyCell.xib */ = {isa = PBXFileReference; fileEncoding = 4; lastKnownFileType = file.xib; path = MyCell.xib; sourceTree = "<group>"; };
/* End PBXFileReference section */

/* Begin PBXFrameworksBuildPhase section */
		1AF793BA1FB3F97E006425BE /* Frameworks */ = {
			isa = PBXFrameworksBuildPhase;
			buildActionMask = 2147483647;
			files = (
			);
			runOnlyForDeploymentPostprocessing = 0;
		};
		1AF793CE1FB3F97E006425BE /* Frameworks */ = {
			isa = PBXFrameworksBuildPhase;
			buildActionMask = 2147483647;
			files = (
			);
			runOnlyForDeploymentPostprocessing = 0;
		};
		1AF793D91FB3F97E006425BE /* Frameworks */ = {
			isa = PBXFrameworksBuildPhase;
			buildActionMask = 2147483647;
			files = (
			);
			runOnlyForDeploymentPostprocessing = 0;
		};
/* End PBXFrameworksBuildPhase section */

/* Begin PBXGroup section */
		1AF793B41FB3F97E006425BE = {
			isa = PBXGroup;
			children = (
				1AF793BF1FB3F97E006425BE /* JMSDropDown */,
				1AF793D41FB3F97E006425BE /* JMSDropDownTests */,
				1AF793DF1FB3F97E006425BE /* JMSDropDownUITests */,
				1AF793BE1FB3F97E006425BE /* Products */,
			);
			sourceTree = "<group>";
		};
		1AF793BE1FB3F97E006425BE /* Products */ = {
			isa = PBXGroup;
			children = (
				1AF793BD1FB3F97E006425BE /* JMSDropDown.app */,
				1AF793D11FB3F97E006425BE /* JMSDropDownTests.xctest */,
				1AF793DC1FB3F97E006425BE /* JMSDropDownUITests.xctest */,
			);
			name = Products;
			sourceTree = "<group>";
		};
		1AF793BF1FB3F97E006425BE /* JMSDropDown */ = {
			isa = PBXGroup;
			children = (
				1AF793EE1FB3F990006425BE /* DropDown */,
				1AF793C01FB3F97E006425BE /* AppDelegate.swift */,
				1AF793C21FB3F97E006425BE /* ViewController.swift */,
				1AF794001FB43C93006425BE /* MyCell.swift */,
				1AF794011FB43C93006425BE /* MyCell.xib */,
				1AF793C41FB3F97E006425BE /* Main.storyboard */,
				1AF793C71FB3F97E006425BE /* Assets.xcassets */,
				1AF793C91FB3F97E006425BE /* LaunchScreen.storyboard */,
				1AF793CC1FB3F97E006425BE /* Info.plist */,
			);
			path = JMSDropDown;
			sourceTree = "<group>";
		};
		1AF793D41FB3F97E006425BE /* JMSDropDownTests */ = {
			isa = PBXGroup;
			children = (
				1AF793D51FB3F97E006425BE /* JMSDropDownTests.swift */,
				1AF793D71FB3F97E006425BE /* Info.plist */,
			);
			path = JMSDropDownTests;
			sourceTree = "<group>";
		};
		1AF793DF1FB3F97E006425BE /* JMSDropDownUITests */ = {
			isa = PBXGroup;
			children = (
				1AF793E01FB3F97E006425BE /* JMSDropDownUITests.swift */,
				1AF793E21FB3F97E006425BE /* Info.plist */,
			);
			path = JMSDropDownUITests;
			sourceTree = "<group>";
		};
		1AF793EE1FB3F990006425BE /* DropDown */ = {
			isa = PBXGroup;
			children = (
				1AF793F51FB422FB006425BE /* helpers */,
				1AF793F31FB4000D006425BE /* JMSDropDownCell.swift */,
				1AF793F11FB3FFD5006425BE /* JMSDropDownCell.xib */,
				1AF793EF1FB3F9D8006425BE /* JMSDropDown.swift */,
			);
			path = DropDown;
			sourceTree = "<group>";
		};
		1AF793F51FB422FB006425BE /* helpers */ = {
			isa = PBXGroup;
			children = (
				1AF793F81FB42918006425BE /* JMSConstants.swift */,
				1AF793FA1FB42965006425BE /* JMSKeyboardListener.swift */,
				1AF793FC1FB429C9006425BE /* JMSUIView+Extension.swift */,
				1AF793FE1FB43BBE006425BE /* JMSDropDown+Appearance.swift */,
			);
			path = helpers;
			sourceTree = "<group>";
		};
/* End PBXGroup section */

/* Begin PBXNativeTarget section */
		1AF793BC1FB3F97E006425BE /* JMSDropDown */ = {
			isa = PBXNativeTarget;
			buildConfigurationList = 1AF793E51FB3F97E006425BE /* Build configuration list for PBXNativeTarget "JMSDropDown" */;
			buildPhases = (
				1AF793B91FB3F97E006425BE /* Sources */,
				1AF793BA1FB3F97E006425BE /* Frameworks */,
				1AF793BB1FB3F97E006425BE /* Resources */,
			);
			buildRules = (
			);
			dependencies = (
			);
			name = JMSDropDown;
			productName = JMSDropDown;
			productReference = 1AF793BD1FB3F97E006425BE /* JMSDropDown.app */;
			productType = "com.apple.product-type.application";
		};
		1AF793D01FB3F97E006425BE /* JMSDropDownTests */ = {
			isa = PBXNativeTarget;
			buildConfigurationList = 1AF793E81FB3F97E006425BE /* Build configuration list for PBXNativeTarget "JMSDropDownTests" */;
			buildPhases = (
				1AF793CD1FB3F97E006425BE /* Sources */,
				1AF793CE1FB3F97E006425BE /* Frameworks */,
				1AF793CF1FB3F97E006425BE /* Resources */,
			);
			buildRules = (
			);
			dependencies = (
				1AF793D31FB3F97E006425BE /* PBXTargetDependency */,
			);
			name = JMSDropDownTests;
			productName = JMSDropDownTests;
			productReference = 1AF793D11FB3F97E006425BE /* JMSDropDownTests.xctest */;
			productType = "com.apple.product-type.bundle.unit-test";
		};
		1AF793DB1FB3F97E006425BE /* JMSDropDownUITests */ = {
			isa = PBXNativeTarget;
			buildConfigurationList = 1AF793EB1FB3F97E006425BE /* Build configuration list for PBXNativeTarget "JMSDropDownUITests" */;
			buildPhases = (
				1AF793D81FB3F97E006425BE /* Sources */,
				1AF793D91FB3F97E006425BE /* Frameworks */,
				1AF793DA1FB3F97E006425BE /* Resources */,
			);
			buildRules = (
			);
			dependencies = (
				1AF793DE1FB3F97E006425BE /* PBXTargetDependency */,
			);
			name = JMSDropDownUITests;
			productName = JMSDropDownUITests;
			productReference = 1AF793DC1FB3F97E006425BE /* JMSDropDownUITests.xctest */;
			productType = "com.apple.product-type.bundle.ui-testing";
		};
/* End PBXNativeTarget section */

/* Begin PBXProject section */
		1AF793B51FB3F97E006425BE /* Project object */ = {
			isa = PBXProject;
			attributes = {
				LastSwiftUpdateCheck = 0910;
				LastUpgradeCheck = 0910;
				ORGANIZATIONNAME = James.xiao;
				TargetAttributes = {
					1AF793BC1FB3F97E006425BE = {
						CreatedOnToolsVersion = 9.1;
						ProvisioningStyle = Automatic;
					};
					1AF793D01FB3F97E006425BE = {
						CreatedOnToolsVersion = 9.1;
						ProvisioningStyle = Automatic;
						TestTargetID = 1AF793BC1FB3F97E006425BE;
					};
					1AF793DB1FB3F97E006425BE = {
						CreatedOnToolsVersion = 9.1;
						ProvisioningStyle = Automatic;
						TestTargetID = 1AF793BC1FB3F97E006425BE;
					};
				};
			};
			buildConfigurationList = 1AF793B81FB3F97E006425BE /* Build configuration list for PBXProject "JMSDropDown" */;
			compatibilityVersion = "Xcode 8.0";
			developmentRegion = en;
			hasScannedForEncodings = 0;
			knownRegions = (
				en,
				Base,
			);
			mainGroup = 1AF793B41FB3F97E006425BE;
			productRefGroup = 1AF793BE1FB3F97E006425BE /* Products */;
			projectDirPath = "";
			projectRoot = "";
			targets = (
				1AF793BC1FB3F97E006425BE /* JMSDropDown */,
				1AF793D01FB3F97E006425BE /* JMSDropDownTests */,
				1AF793DB1FB3F97E006425BE /* JMSDropDownUITests */,
			);
		};
/* End PBXProject section */

/* Begin PBXResourcesBuildPhase section */
		1AF793BB1FB3F97E006425BE /* Resources */ = {
			isa = PBXResourcesBuildPhase;
			buildActionMask = 2147483647;
			files = (
				1AF793CB1FB3F97E006425BE /* LaunchScreen.storyboard in Resources */,
				1AF793C81FB3F97E006425BE /* Assets.xcassets in Resources */,
				1AF793F21FB3FFD5006425BE /* JMSDropDownCell.xib in Resources */,
				1AF793C61FB3F97E006425BE /* Main.storyboard in Resources */,
				1AF794031FB43C93006425BE /* MyCell.xib in Resources */,
			);
			runOnlyForDeploymentPostprocessing = 0;
		};
		1AF793CF1FB3F97E006425BE /* Resources */ = {
			isa = PBXResourcesBuildPhase;
			buildActionMask = 2147483647;
			files = (
			);
			runOnlyForDeploymentPostprocessing = 0;
		};
		1AF793DA1FB3F97E006425BE /* Resources */ = {
			isa = PBXResourcesBuildPhase;
			buildActionMask = 2147483647;
			files = (
			);
			runOnlyForDeploymentPostprocessing = 0;
		};
/* End PBXResourcesBuildPhase section */

/* Begin PBXSourcesBuildPhase section */
		1AF793B91FB3F97E006425BE /* Sources */ = {
			isa = PBXSourcesBuildPhase;
			buildActionMask = 2147483647;
			files = (
				1AF793F91FB42918006425BE /* JMSConstants.swift in Sources */,
				1AF793FF1FB43BBE006425BE /* JMSDropDown+Appearance.swift in Sources */,
				1AF793FB1FB42965006425BE /* JMSKeyboardListener.swift in Sources */,
				1AF793FD1FB429C9006425BE /* JMSUIView+Extension.swift in Sources */,
				1AF793C31FB3F97E006425BE /* ViewController.swift in Sources */,
				1AF793F01FB3F9D8006425BE /* JMSDropDown.swift in Sources */,
				1AF794021FB43C93006425BE /* MyCell.swift in Sources */,
				1AF793F41FB4000D006425BE /* JMSDropDownCell.swift in Sources */,
				1AF793C11FB3F97E006425BE /* AppDelegate.swift in Sources */,
			);
			runOnlyForDeploymentPostprocessing = 0;
		};
		1AF793CD1FB3F97E006425BE /* Sources */ = {
			isa = PBXSourcesBuildPhase;
			buildActionMask = 2147483647;
			files = (
				1AF793D61FB3F97E006425BE /* JMSDropDownTests.swift in Sources */,
			);
			runOnlyForDeploymentPostprocessing = 0;
		};
		1AF793D81FB3F97E006425BE /* Sources */ = {
			isa = PBXSourcesBuildPhase;
			buildActionMask = 2147483647;
			files = (
				1AF793E11FB3F97E006425BE /* JMSDropDownUITests.swift in Sources */,
			);
			runOnlyForDeploymentPostprocessing = 0;
		};
/* End PBXSourcesBuildPhase section */

/* Begin PBXTargetDependency section */
		1AF793D31FB3F97E006425BE /* PBXTargetDependency */ = {
			isa = PBXTargetDependency;
			target = 1AF793BC1FB3F97E006425BE /* JMSDropDown */;
			targetProxy = 1AF793D21FB3F97E006425BE /* PBXContainerItemProxy */;
		};
		1AF793DE1FB3F97E006425BE /* PBXTargetDependency */ = {
			isa = PBXTargetDependency;
			target = 1AF793BC1FB3F97E006425BE /* JMSDropDown */;
			targetProxy = 1AF793DD1FB3F97E006425BE /* PBXContainerItemProxy */;
		};
/* End PBXTargetDependency section */

/* Begin PBXVariantGroup section */
		1AF793C41FB3F97E006425BE /* Main.storyboard */ = {
			isa = PBXVariantGroup;
			children = (
				1AF793C51FB3F97E006425BE /* Base */,
			);
			name = Main.storyboard;
			sourceTree = "<group>";
		};
		1AF793C91FB3F97E006425BE /* LaunchScreen.storyboard */ = {
			isa = PBXVariantGroup;
			children = (
				1AF793CA1FB3F97E006425BE /* Base */,
			);
			name = LaunchScreen.storyboard;
			sourceTree = "<group>";
		};
/* End PBXVariantGroup section */

/* Begin XCBuildConfiguration section */
		1AF793E31FB3F97E006425BE /* Debug */ = {
			isa = XCBuildConfiguration;
			buildSettings = {
				ALWAYS_SEARCH_USER_PATHS = NO;
				CLANG_ANALYZER_NONNULL = YES;
				CLANG_ANALYZER_NUMBER_OBJECT_CONVERSION = YES_AGGRESSIVE;
				CLANG_CXX_LANGUAGE_STANDARD = "gnu++14";
				CLANG_CXX_LIBRARY = "libc++";
				CLANG_ENABLE_MODULES = YES;
				CLANG_ENABLE_OBJC_ARC = YES;
				CLANG_WARN_BLOCK_CAPTURE_AUTORELEASING = YES;
				CLANG_WARN_BOOL_CONVERSION = YES;
				CLANG_WARN_COMMA = YES;
				CLANG_WARN_CONSTANT_CONVERSION = YES;
				CLANG_WARN_DIRECT_OBJC_ISA_USAGE = YES_ERROR;
				CLANG_WARN_DOCUMENTATION_COMMENTS = YES;
				CLANG_WARN_EMPTY_BODY = YES;
				CLANG_WARN_ENUM_CONVERSION = YES;
				CLANG_WARN_INFINITE_RECURSION = YES;
				CLANG_WARN_INT_CONVERSION = YES;
				CLANG_WARN_NON_LITERAL_NULL_CONVERSION = YES;
				CLANG_WARN_OBJC_LITERAL_CONVERSION = YES;
				CLANG_WARN_OBJC_ROOT_CLASS = YES_ERROR;
				CLANG_WARN_RANGE_LOOP_ANALYSIS = YES;
				CLANG_WARN_STRICT_PROTOTYPES = YES;
				CLANG_WARN_SUSPICIOUS_MOVE = YES;
				CLANG_WARN_UNGUARDED_AVAILABILITY = YES_AGGRESSIVE;
				CLANG_WARN_UNREACHABLE_CODE = YES;
				CLANG_WARN__DUPLICATE_METHOD_MATCH = YES;
				CODE_SIGN_IDENTITY = "iPhone Developer";
				COPY_PHASE_STRIP = NO;
				DEBUG_INFORMATION_FORMAT = dwarf;
				ENABLE_STRICT_OBJC_MSGSEND = YES;
				ENABLE_TESTABILITY = YES;
				GCC_C_LANGUAGE_STANDARD = gnu11;
				GCC_DYNAMIC_NO_PIC = NO;
				GCC_NO_COMMON_BLOCKS = YES;
				GCC_OPTIMIZATION_LEVEL = 0;
				GCC_PREPROCESSOR_DEFINITIONS = (
					"DEBUG=1",
					"$(inherited)",
				);
				GCC_WARN_64_TO_32_BIT_CONVERSION = YES;
				GCC_WARN_ABOUT_RETURN_TYPE = YES_ERROR;
				GCC_WARN_UNDECLARED_SELECTOR = YES;
				GCC_WARN_UNINITIALIZED_AUTOS = YES_AGGRESSIVE;
				GCC_WARN_UNUSED_FUNCTION = YES;
				GCC_WARN_UNUSED_VARIABLE = YES;
				IPHONEOS_DEPLOYMENT_TARGET = 8.0;
				MTL_ENABLE_DEBUG_INFO = YES;
				ONLY_ACTIVE_ARCH = YES;
				SDKROOT = iphoneos;
				SWIFT_ACTIVE_COMPILATION_CONDITIONS = DEBUG;
				SWIFT_OPTIMIZATION_LEVEL = "-Onone";
			};
			name = Debug;
		};
		1AF793E41FB3F97E006425BE /* Release */ = {
			isa = XCBuildConfiguration;
			buildSettings = {
				ALWAYS_SEARCH_USER_PATHS = NO;
				CLANG_ANALYZER_NONNULL = YES;
				CLANG_ANALYZER_NUMBER_OBJECT_CONVERSION = YES_AGGRESSIVE;
				CLANG_CXX_LANGUAGE_STANDARD = "gnu++14";
				CLANG_CXX_LIBRARY = "libc++";
				CLANG_ENABLE_MODULES = YES;
				CLANG_ENABLE_OBJC_ARC = YES;
				CLANG_WARN_BLOCK_CAPTURE_AUTORELEASING = YES;
				CLANG_WARN_BOOL_CONVERSION = YES;
				CLANG_WARN_COMMA = YES;
				CLANG_WARN_CONSTANT_CONVERSION = YES;
				CLANG_WARN_DIRECT_OBJC_ISA_USAGE = YES_ERROR;
				CLANG_WARN_DOCUMENTATION_COMMENTS = YES;
				CLANG_WARN_EMPTY_BODY = YES;
				CLANG_WARN_ENUM_CONVERSION = YES;
				CLANG_WARN_INFINITE_RECURSION = YES;
				CLANG_WARN_INT_CONVERSION = YES;
				CLANG_WARN_NON_LITERAL_NULL_CONVERSION = YES;
				CLANG_WARN_OBJC_LITERAL_CONVERSION = YES;
				CLANG_WARN_OBJC_ROOT_CLASS = YES_ERROR;
				CLANG_WARN_RANGE_LOOP_ANALYSIS = YES;
				CLANG_WARN_STRICT_PROTOTYPES = YES;
				CLANG_WARN_SUSPICIOUS_MOVE = YES;
				CLANG_WARN_UNGUARDED_AVAILABILITY = YES_AGGRESSIVE;
				CLANG_WARN_UNREACHABLE_CODE = YES;
				CLANG_WARN__DUPLICATE_METHOD_MATCH = YES;
				CODE_SIGN_IDENTITY = "iPhone Developer";
				COPY_PHASE_STRIP = NO;
				DEBUG_INFORMATION_FORMAT = "dwarf-with-dsym";
				ENABLE_NS_ASSERTIONS = NO;
				ENABLE_STRICT_OBJC_MSGSEND = YES;
				GCC_C_LANGUAGE_STANDARD = gnu11;
				GCC_NO_COMMON_BLOCKS = YES;
				GCC_WARN_64_TO_32_BIT_CONVERSION = YES;
				GCC_WARN_ABOUT_RETURN_TYPE = YES_ERROR;
				GCC_WARN_UNDECLARED_SELECTOR = YES;
				GCC_WARN_UNINITIALIZED_AUTOS = YES_AGGRESSIVE;
				GCC_WARN_UNUSED_FUNCTION = YES;
				GCC_WARN_UNUSED_VARIABLE = YES;
				IPHONEOS_DEPLOYMENT_TARGET = 8.0;
				MTL_ENABLE_DEBUG_INFO = NO;
				SDKROOT = iphoneos;
				SWIFT_OPTIMIZATION_LEVEL = "-Owholemodule";
				VALIDATE_PRODUCT = YES;
			};
			name = Release;
		};
		1AF793E61FB3F97E006425BE /* Debug */ = {
			isa = XCBuildConfiguration;
			buildSettings = {
				ASSETCATALOG_COMPILER_APPICON_NAME = AppIcon;
				CODE_SIGN_STYLE = Automatic;
				DEVELOPMENT_TEAM = 2B7YCC6756;
				INFOPLIST_FILE = JMSDropDown/Info.plist;
				IPHONEOS_DEPLOYMENT_TARGET = 8.0;
				LD_RUNPATH_SEARCH_PATHS = "$(inherited) @executable_path/Frameworks";
				PRODUCT_BUNDLE_IDENTIFIER = com.xbs.dropDown.JMSDropDown;
				PRODUCT_NAME = "$(TARGET_NAME)";
				SWIFT_VERSION = 4.0;
				TARGETED_DEVICE_FAMILY = "1,2";
			};
			name = Debug;
		};
		1AF793E71FB3F97E006425BE /* Release */ = {
			isa = XCBuildConfiguration;
			buildSettings = {
				ASSETCATALOG_COMPILER_APPICON_NAME = AppIcon;
				CODE_SIGN_STYLE = Automatic;
				DEVELOPMENT_TEAM = 2B7YCC6756;
				INFOPLIST_FILE = JMSDropDown/Info.plist;
				IPHONEOS_DEPLOYMENT_TARGET = 8.0;
				LD_RUNPATH_SEARCH_PATHS = "$(inherited) @executable_path/Frameworks";
				PRODUCT_BUNDLE_IDENTIFIER = com.xbs.dropDown.JMSDropDown;
				PRODUCT_NAME = "$(TARGET_NAME)";
				SWIFT_VERSION = 4.0;
				TARGETED_DEVICE_FAMILY = "1,2";
			};
			name = Release;
		};
		1AF793E91FB3F97E006425BE /* Debug */ = {
			isa = XCBuildConfiguration;
			buildSettings = {
				ALWAYS_EMBED_SWIFT_STANDARD_LIBRARIES = YES;
				BUNDLE_LOADER = "$(TEST_HOST)";
				CODE_SIGN_STYLE = Automatic;
				INFOPLIST_FILE = JMSDropDownTests/Info.plist;
				LD_RUNPATH_SEARCH_PATHS = "$(inherited) @executable_path/Frameworks @loader_path/Frameworks";
				PRODUCT_BUNDLE_IDENTIFIER = com.xbs.dropDown.JMSDropDownTests;
				PRODUCT_NAME = "$(TARGET_NAME)";
				SWIFT_VERSION = 4.0;
				TARGETED_DEVICE_FAMILY = "1,2";
				TEST_HOST = "$(BUILT_PRODUCTS_DIR)/JMSDropDown.app/JMSDropDown";
			};
			name = Debug;
		};
		1AF793EA1FB3F97E006425BE /* Release */ = {
			isa = XCBuildConfiguration;
			buildSettings = {
				ALWAYS_EMBED_SWIFT_STANDARD_LIBRARIES = YES;
				BUNDLE_LOADER = "$(TEST_HOST)";
				CODE_SIGN_STYLE = Automatic;
				INFOPLIST_FILE = JMSDropDownTests/Info.plist;
				LD_RUNPATH_SEARCH_PATHS = "$(inherited) @executable_path/Frameworks @loader_path/Frameworks";
				PRODUCT_BUNDLE_IDENTIFIER = com.xbs.dropDown.JMSDropDownTests;
				PRODUCT_NAME = "$(TARGET_NAME)";
				SWIFT_VERSION = 4.0;
				TARGETED_DEVICE_FAMILY = "1,2";
				TEST_HOST = "$(BUILT_PRODUCTS_DIR)/JMSDropDown.app/JMSDropDown";
			};
			name = Release;
		};
		1AF793EC1FB3F97E006425BE /* Debug */ = {
			isa = XCBuildConfiguration;
			buildSettings = {
				ALWAYS_EMBED_SWIFT_STANDARD_LIBRARIES = YES;
				CODE_SIGN_STYLE = Automatic;
				INFOPLIST_FILE = JMSDropDownUITests/Info.plist;
				LD_RUNPATH_SEARCH_PATHS = "$(inherited) @executable_path/Frameworks @loader_path/Frameworks";
				PRODUCT_BUNDLE_IDENTIFIER = com.xbs.dropDown.JMSDropDownUITests;
				PRODUCT_NAME = "$(TARGET_NAME)";
				SWIFT_VERSION = 4.0;
				TARGETED_DEVICE_FAMILY = "1,2";
				TEST_TARGET_NAME = JMSDropDown;
			};
			name = Debug;
		};
		1AF793ED1FB3F97E006425BE /* Release */ = {
			isa = XCBuildConfiguration;
			buildSettings = {
				ALWAYS_EMBED_SWIFT_STANDARD_LIBRARIES = YES;
				CODE_SIGN_STYLE = Automatic;
				INFOPLIST_FILE = JMSDropDownUITests/Info.plist;
				LD_RUNPATH_SEARCH_PATHS = "$(inherited) @executable_path/Frameworks @loader_path/Frameworks";
				PRODUCT_BUNDLE_IDENTIFIER = com.xbs.dropDown.JMSDropDownUITests;
				PRODUCT_NAME = "$(TARGET_NAME)";
				SWIFT_VERSION = 4.0;
				TARGETED_DEVICE_FAMILY = "1,2";
				TEST_TARGET_NAME = JMSDropDown;
			};
			name = Release;
		};
/* End XCBuildConfiguration section */

/* Begin XCConfigurationList section */
		1AF793B81FB3F97E006425BE /* Build configuration list for PBXProject "JMSDropDown" */ = {
			isa = XCConfigurationList;
			buildConfigurations = (
				1AF793E31FB3F97E006425BE /* Debug */,
				1AF793E41FB3F97E006425BE /* Release */,
			);
			defaultConfigurationIsVisible = 0;
			defaultConfigurationName = Release;
		};
		1AF793E51FB3F97E006425BE /* Build configuration list for PBXNativeTarget "JMSDropDown" */ = {
			isa = XCConfigurationList;
			buildConfigurations = (
				1AF793E61FB3F97E006425BE /* Debug */,
				1AF793E71FB3F97E006425BE /* Release */,
			);
			defaultConfigurationIsVisible = 0;
			defaultConfigurationName = Release;
		};
		1AF793E81FB3F97E006425BE /* Build configuration list for PBXNativeTarget "JMSDropDownTests" */ = {
			isa = XCConfigurationList;
			buildConfigurations = (
				1AF793E91FB3F97E006425BE /* Debug */,
				1AF793EA1FB3F97E006425BE /* Release */,
			);
			defaultConfigurationIsVisible = 0;
			defaultConfigurationName = Release;
		};
		1AF793EB1FB3F97E006425BE /* Build configuration list for PBXNativeTarget "JMSDropDownUITests" */ = {
			isa = XCConfigurationList;
			buildConfigurations = (
				1AF793EC1FB3F97E006425BE /* Debug */,
				1AF793ED1FB3F97E006425BE /* Release */,
			);
			defaultConfigurationIsVisible = 0;
			defaultConfigurationName = Release;
		};
/* End XCConfigurationList section */
	};
	rootObject = 1AF793B51FB3F97E006425BE /* Project object */;
}
